
Microsoft Visual Studio Solution File, Format Version 12.00
# Visual Studio Version 17
VisualStudioVersion = 17.0.32126.317
MinimumVisualStudioVersion = 10.0.40219.1
Project("{FAE04EC0-301F-11D3-BF4B-00C04F79EFBC}") = "KernelRasterTransform", "KernelRasterTransform\KernelRasterTransform.csproj", "{3155FE8C-7D67-4E18-9377-A9EE03911B07}"
EndProject
Project("{FAE04EC0-301F-11D3-BF4B-00C04F79EFBC}") = "KernelRasterTransformTests", "KernelRasterTransformTests\KernelRasterTransformTests.csproj", "{5CCA529C-132D-4141-972D-1F9663A21DF1}"
EndProject
Global
	GlobalSection(SolutionConfigurationPlatforms) = preSolution
		Debug|Any CPU = Debug|Any CPU
		Release|Any CPU = Release|Any CPU
	EndGlobalSection
	GlobalSection(ProjectConfigurationPlatforms) = postSolution
		{3155FE8C-7D67-4E18-9377-A9EE03911B07}.Debug|Any CPU.ActiveCfg = Debug|Any CPU
		{3155FE8C-7D67-4E18-9377-A9EE03911B07}.Debug|Any CPU.Build.0 = Debug|Any CPU
		{3155FE8C-7D67-4E18-9377-A9EE03911B07}.Release|Any CPU.ActiveCfg = Release|Any CPU
		{3155FE8C-7D67-4E18-9377-A9EE03911B07}.Release|Any CPU.Build.0 = Release|Any CPU
		{5CCA529C-132D-4141-972D-1F9663A21DF1}.Debug|Any CPU.ActiveCfg = Debug|Any CPU
		{5CCA529C-132D-4141-972D-1F9663A21DF1}.Debug|Any CPU.Build.0 = Debug|Any CPU
		{5CCA529C-132D-4141-972D-1F9663A21DF1}.Release|Any CPU.ActiveCfg = Release|Any CPU
		{5CCA529C-132D-4141-972D-1F9663A21DF1}.Release|Any CPU.Build.0 = Release|Any CPU
	EndGlobalSection
	GlobalSection(SolutionProperties) = preSolution
		HideSolutionNode = FALSE
	EndGlobalSection
	GlobalSection(ExtensibilityGlobals) = postSolution
		SolutionGuid = {624E3708-077E-45A8-B16E-98D755E9C912}
	EndGlobalSection
EndGlobal
